
Microsoft Visual Studio Solution File, Format Version 12.00
# Visual Studio Version 16
VisualStudioVersion = 16.0.32106.194
MinimumVisualStudioVersion = 10.0.40219.1
Project("{FAE04EC0-301F-11D3-BF4B-00C04F79EFBC}") = "PlaneApproximations", "PlaneApproximations\PlaneApproximations.csproj", "{23A1FF95-545D-4BE1-8643-EE935E1AA970}"
EndProject
Global
	GlobalSection(SolutionConfigurationPlatforms) = preSolution
		Debug|Any CPU = Debug|Any CPU
		Release|Any CPU = Release|Any CPU
	EndGlobalSection
	GlobalSection(ProjectConfigurationPlatforms) = postSolution
		{23A1FF95-545D-4BE1-8643-EE935E1AA970}.Debug|Any CPU.ActiveCfg = Debug|Any CPU
		{23A1FF95-545D-4BE1-8643-EE935E1AA970}.Debug|Any CPU.Build.0 = Debug|Any CPU
		{23A1FF95-545D-4BE1-8643-EE935E1AA970}.Release|Any CPU.ActiveCfg = Release|Any CPU
		{23A1FF95-545D-4BE1-8643-EE935E1AA970}.Release|Any CPU.Build.0 = Release|Any CPU
	EndGlobalSection
	GlobalSection(SolutionProperties) = preSolution
		HideSolutionNode = FALSE
	EndGlobalSection
	GlobalSection(ExtensibilityGlobals) = postSolution
		SolutionGuid = {D26D61E3-87BA-49F5-830C-B1F29C887821}
	EndGlobalSection
EndGlobal
